// !$*UTF8*$!
{
	archiveVersion = 1;
	classes = {
	};
	objectVersion = 46;
	objects = {

/* Begin PBXBuildFile section */
		2C3E27888EB20F4692925444 /* Pods_NewsAPISwift_ExampleTests.framework in Frameworks */ = {isa = PBXBuildFile; fileRef = A6043A339F660E9FC8647A04 /* Pods_NewsAPISwift_ExampleTests.framework */; };
		607FACD61AFB9204008FA782 /* AppDelegate.swift in Sources */ = {isa = PBXBuildFile; fileRef = 607FACD51AFB9204008FA782 /* AppDelegate.swift */; };
		607FACDB1AFB9204008FA782 /* Main.storyboard in Resources */ = {isa = PBXBuildFile; fileRef = 607FACD91AFB9204008FA782 /* Main.storyboard */; };
		607FACDD1AFB9204008FA782 /* Images.xcassets in Resources */ = {isa = PBXBuildFile; fileRef = 607FACDC1AFB9204008FA782 /* Images.xcassets */; };
		607FACE01AFB9204008FA782 /* LaunchScreen.xib in Resources */ = {isa = PBXBuildFile; fileRef = 607FACDE1AFB9204008FA782 /* LaunchScreen.xib */; };
		83AF0FBD730C2CAA2C27EBAB /* Pods_NewsAPISwift_Example.framework in Frameworks */ = {isa = PBXBuildFile; fileRef = 81A273488111D07D00F0866E /* Pods_NewsAPISwift_Example.framework */; };
		A0361B0F1EDFA09C0072E13E /* SourcesJSON.json in Resources */ = {isa = PBXBuildFile; fileRef = A0361B0E1EDFA09C0072E13E /* SourcesJSON.json */; };
		A0361B111EDFA6390072E13E /* SourcesJSON.json in Resources */ = {isa = PBXBuildFile; fileRef = A0361B0E1EDFA09C0072E13E /* SourcesJSON.json */; };
		A0361B131EDFA9C40072E13E /* InvalidJSON.json in Resources */ = {isa = PBXBuildFile; fileRef = A0361B121EDFA9C40072E13E /* InvalidJSON.json */; };
		A0361B141EDFA9CA0072E13E /* InvalidJSON.json in Resources */ = {isa = PBXBuildFile; fileRef = A0361B121EDFA9C40072E13E /* InvalidJSON.json */; };
		A0C756701EDE385C009C28B6 /* NewsAPITests.swift in Sources */ = {isa = PBXBuildFile; fileRef = A05EDEB61EDE283A00496266 /* NewsAPITests.swift */; };
		BDBA6BDA4B99EC8416DDDBA1 /* Pods_NewsAPISwift_Tests.framework in Frameworks */ = {isa = PBXBuildFile; fileRef = F3CE5566C4BAFFE4B5B146FE /* Pods_NewsAPISwift_Tests.framework */; };
		D40955B41EE6274F00984734 /* NewsAPITests.swift in Sources */ = {isa = PBXBuildFile; fileRef = A05EDEB61EDE283A00496266 /* NewsAPITests.swift */; };
		D40955B51EE6275700984734 /* ArticlesJSON.json in Resources */ = {isa = PBXBuildFile; fileRef = D44648A11EE3A87100A1A11C /* ArticlesJSON.json */; };
		D40955B61EE6275700984734 /* InvalidJSON.json in Resources */ = {isa = PBXBuildFile; fileRef = A0361B121EDFA9C40072E13E /* InvalidJSON.json */; };
		D40955B71EE6275700984734 /* SourcesJSON.json in Resources */ = {isa = PBXBuildFile; fileRef = A0361B0E1EDFA09C0072E13E /* SourcesJSON.json */; };
		D446489D1EE371DA00A1A11C /* ListSourcesViewController.swift in Sources */ = {isa = PBXBuildFile; fileRef = D446489C1EE371DA00A1A11C /* ListSourcesViewController.swift */; };
		D44648A21EE3A87100A1A11C /* ArticlesJSON.json in Resources */ = {isa = PBXBuildFile; fileRef = D44648A11EE3A87100A1A11C /* ArticlesJSON.json */; };
		D44648A31EE3A8AB00A1A11C /* ArticlesJSON.json in Resources */ = {isa = PBXBuildFile; fileRef = D44648A11EE3A87100A1A11C /* ArticlesJSON.json */; };
		D4885B231EE60F3000355829 /* ListArticlesViewController.swift in Sources */ = {isa = PBXBuildFile; fileRef = D4885B221EE60F3000355829 /* ListArticlesViewController.swift */; };
/* End PBXBuildFile section */

/* Begin PBXContainerItemProxy section */
		607FACE61AFB9204008FA782 /* PBXContainerItemProxy */ = {
			isa = PBXContainerItemProxy;
			containerPortal = 607FACC81AFB9204008FA782 /* Project object */;
			proxyType = 1;
			remoteGlobalIDString = 607FACCF1AFB9204008FA782;
			remoteInfo = NewsAPISwift;
		};
		A0C756671EDE37BD009C28B6 /* PBXContainerItemProxy */ = {
			isa = PBXContainerItemProxy;
			containerPortal = 607FACC81AFB9204008FA782 /* Project object */;
			proxyType = 1;
			remoteGlobalIDString = 607FACCF1AFB9204008FA782;
			remoteInfo = NewsAPISwift_Example;
		};
/* End PBXContainerItemProxy section */

/* Begin PBXFileReference section */
		0FDF4FCDCBBDD92E2AA4ECB4 /* Pods-NewsAPISwift_Example.release.xcconfig */ = {isa = PBXFileReference; includeInIndex = 1; lastKnownFileType = text.xcconfig; name = "Pods-NewsAPISwift_Example.release.xcconfig"; path = "Pods/Target Support Files/Pods-NewsAPISwift_Example/Pods-NewsAPISwift_Example.release.xcconfig"; sourceTree = "<group>"; };
		38893061F0F8314EF872171F /* Pods-NewsAPISwift_Example.debug.xcconfig */ = {isa = PBXFileReference; includeInIndex = 1; lastKnownFileType = text.xcconfig; name = "Pods-NewsAPISwift_Example.debug.xcconfig"; path = "Pods/Target Support Files/Pods-NewsAPISwift_Example/Pods-NewsAPISwift_Example.debug.xcconfig"; sourceTree = "<group>"; };
		3DB4E0A266FABE9A6F749C5A /* Pods-NewsAPISwift_ExampleTests.release.xcconfig */ = {isa = PBXFileReference; includeInIndex = 1; lastKnownFileType = text.xcconfig; name = "Pods-NewsAPISwift_ExampleTests.release.xcconfig"; path = "Pods/Target Support Files/Pods-NewsAPISwift_ExampleTests/Pods-NewsAPISwift_ExampleTests.release.xcconfig"; sourceTree = "<group>"; };
		459D19A2F4C5710FF2105C69 /* Pods-NewsAPISwift_Tests.release.xcconfig */ = {isa = PBXFileReference; includeInIndex = 1; lastKnownFileType = text.xcconfig; name = "Pods-NewsAPISwift_Tests.release.xcconfig"; path = "Pods/Target Support Files/Pods-NewsAPISwift_Tests/Pods-NewsAPISwift_Tests.release.xcconfig"; sourceTree = "<group>"; };
		546FBC17ED6038B550DB4384 /* LICENSE */ = {isa = PBXFileReference; includeInIndex = 1; lastKnownFileType = text; name = LICENSE; path = ../LICENSE; sourceTree = "<group>"; };
		607FACD01AFB9204008FA782 /* NewsAPISwift_Example.app */ = {isa = PBXFileReference; explicitFileType = wrapper.application; includeInIndex = 0; path = NewsAPISwift_Example.app; sourceTree = BUILT_PRODUCTS_DIR; };
		607FACD41AFB9204008FA782 /* Info.plist */ = {isa = PBXFileReference; lastKnownFileType = text.plist.xml; path = Info.plist; sourceTree = "<group>"; };
		607FACD51AFB9204008FA782 /* AppDelegate.swift */ = {isa = PBXFileReference; lastKnownFileType = sourcecode.swift; path = AppDelegate.swift; sourceTree = "<group>"; };
		607FACDA1AFB9204008FA782 /* Base */ = {isa = PBXFileReference; lastKnownFileType = file.storyboard; name = Base; path = Base.lproj/Main.storyboard; sourceTree = "<group>"; };
		607FACDC1AFB9204008FA782 /* Images.xcassets */ = {isa = PBXFileReference; lastKnownFileType = folder.assetcatalog; path = Images.xcassets; sourceTree = "<group>"; };
		607FACDF1AFB9204008FA782 /* Base */ = {isa = PBXFileReference; lastKnownFileType = file.xib; name = Base; path = Base.lproj/LaunchScreen.xib; sourceTree = "<group>"; };
		607FACE51AFB9204008FA782 /* NewsAPISwift_Tests.xctest */ = {isa = PBXFileReference; explicitFileType = wrapper.cfbundle; includeInIndex = 0; path = NewsAPISwift_Tests.xctest; sourceTree = BUILT_PRODUCTS_DIR; };
		607FACEA1AFB9204008FA782 /* Info.plist */ = {isa = PBXFileReference; lastKnownFileType = text.plist.xml; path = Info.plist; sourceTree = "<group>"; };
		7A1A21148BFC6D22213434EB /* README.md */ = {isa = PBXFileReference; includeInIndex = 1; lastKnownFileType = net.daringfireball.markdown; name = README.md; path = ../README.md; sourceTree = "<group>"; };
		81A273488111D07D00F0866E /* Pods_NewsAPISwift_Example.framework */ = {isa = PBXFileReference; explicitFileType = wrapper.framework; includeInIndex = 0; path = Pods_NewsAPISwift_Example.framework; sourceTree = BUILT_PRODUCTS_DIR; };
		88C8FB11E9BA33E4CC2949F3 /* NewsAPISwift.podspec */ = {isa = PBXFileReference; includeInIndex = 1; lastKnownFileType = text; name = NewsAPISwift.podspec; path = ../NewsAPISwift.podspec; sourceTree = "<group>"; };
		A0361B0E1EDFA09C0072E13E /* SourcesJSON.json */ = {isa = PBXFileReference; fileEncoding = 4; lastKnownFileType = text.json; path = SourcesJSON.json; sourceTree = "<group>"; };
		A0361B121EDFA9C40072E13E /* InvalidJSON.json */ = {isa = PBXFileReference; fileEncoding = 4; lastKnownFileType = text.json; path = InvalidJSON.json; sourceTree = "<group>"; };
		A05EDEB61EDE283A00496266 /* NewsAPITests.swift */ = {isa = PBXFileReference; fileEncoding = 4; lastKnownFileType = sourcecode.swift; path = NewsAPITests.swift; sourceTree = "<group>"; };
		A0C756621EDE37BD009C28B6 /* NewsAPISwift_ExampleTests.xctest */ = {isa = PBXFileReference; explicitFileType = wrapper.cfbundle; includeInIndex = 0; path = NewsAPISwift_ExampleTests.xctest; sourceTree = BUILT_PRODUCTS_DIR; };
		A0C756661EDE37BD009C28B6 /* Info.plist */ = {isa = PBXFileReference; lastKnownFileType = text.plist.xml; path = Info.plist; sourceTree = "<group>"; };
		A6043A339F660E9FC8647A04 /* Pods_NewsAPISwift_ExampleTests.framework */ = {isa = PBXFileReference; explicitFileType = wrapper.framework; includeInIndex = 0; path = Pods_NewsAPISwift_ExampleTests.framework; sourceTree = BUILT_PRODUCTS_DIR; };
		D2F0FF1A8169869E68760DE6 /* Pods-NewsAPISwift_ExampleTests.debug.xcconfig */ = {isa = PBXFileReference; includeInIndex = 1; lastKnownFileType = text.xcconfig; name = "Pods-NewsAPISwift_ExampleTests.debug.xcconfig"; path = "Pods/Target Support Files/Pods-NewsAPISwift_ExampleTests/Pods-NewsAPISwift_ExampleTests.debug.xcconfig"; sourceTree = "<group>"; };
		D446489C1EE371DA00A1A11C /* ListSourcesViewController.swift */ = {isa = PBXFileReference; fileEncoding = 4; lastKnownFileType = sourcecode.swift; path = ListSourcesViewController.swift; sourceTree = "<group>"; };
		D44648A11EE3A87100A1A11C /* ArticlesJSON.json */ = {isa = PBXFileReference; fileEncoding = 4; lastKnownFileType = text.json; path = ArticlesJSON.json; sourceTree = "<group>"; };
		D4885B221EE60F3000355829 /* ListArticlesViewController.swift */ = {isa = PBXFileReference; fileEncoding = 4; lastKnownFileType = sourcecode.swift; path = ListArticlesViewController.swift; sourceTree = "<group>"; };
		F3CE5566C4BAFFE4B5B146FE /* Pods_NewsAPISwift_Tests.framework */ = {isa = PBXFileReference; explicitFileType = wrapper.framework; includeInIndex = 0; path = Pods_NewsAPISwift_Tests.framework; sourceTree = BUILT_PRODUCTS_DIR; };
		FFAF349B98AE69CA9A503F04 /* Pods-NewsAPISwift_Tests.debug.xcconfig */ = {isa = PBXFileReference; includeInIndex = 1; lastKnownFileType = text.xcconfig; name = "Pods-NewsAPISwift_Tests.debug.xcconfig"; path = "Pods/Target Support Files/Pods-NewsAPISwift_Tests/Pods-NewsAPISwift_Tests.debug.xcconfig"; sourceTree = "<group>"; };
/* End PBXFileReference section */

/* Begin PBXFrameworksBuildPhase section */
		607FACCD1AFB9204008FA782 /* Frameworks */ = {
			isa = PBXFrameworksBuildPhase;
			buildActionMask = 2147483647;
			files = (
				83AF0FBD730C2CAA2C27EBAB /* Pods_NewsAPISwift_Example.framework in Frameworks */,
			);
			runOnlyForDeploymentPostprocessing = 0;
		};
		607FACE21AFB9204008FA782 /* Frameworks */ = {
			isa = PBXFrameworksBuildPhase;
			buildActionMask = 2147483647;
			files = (
				BDBA6BDA4B99EC8416DDDBA1 /* Pods_NewsAPISwift_Tests.framework in Frameworks */,
			);
			runOnlyForDeploymentPostprocessing = 0;
		};
		A0C7565F1EDE37BD009C28B6 /* Frameworks */ = {
			isa = PBXFrameworksBuildPhase;
			buildActionMask = 2147483647;
			files = (
				2C3E27888EB20F4692925444 /* Pods_NewsAPISwift_ExampleTests.framework in Frameworks */,
			);
			runOnlyForDeploymentPostprocessing = 0;
		};
/* End PBXFrameworksBuildPhase section */

/* Begin PBXGroup section */
		22D67BD405655756AA604248 /* Frameworks */ = {
			isa = PBXGroup;
			children = (
				81A273488111D07D00F0866E /* Pods_NewsAPISwift_Example.framework */,
				F3CE5566C4BAFFE4B5B146FE /* Pods_NewsAPISwift_Tests.framework */,
				A6043A339F660E9FC8647A04 /* Pods_NewsAPISwift_ExampleTests.framework */,
			);
			name = Frameworks;
			sourceTree = "<group>";
		};
		607FACC71AFB9204008FA782 = {
			isa = PBXGroup;
			children = (
				607FACF51AFB993E008FA782 /* Podspec Metadata */,
				607FACD21AFB9204008FA782 /* Example for NewsAPISwift */,
				607FACE81AFB9204008FA782 /* Tests */,
				A0C756631EDE37BD009C28B6 /* NewsAPISwift_ExampleTests */,
				607FACD11AFB9204008FA782 /* Products */,
				BD0DC5F874306690840D5802 /* Pods */,
				22D67BD405655756AA604248 /* Frameworks */,
			);
			sourceTree = "<group>";
		};
		607FACD11AFB9204008FA782 /* Products */ = {
			isa = PBXGroup;
			children = (
				607FACD01AFB9204008FA782 /* NewsAPISwift_Example.app */,
				607FACE51AFB9204008FA782 /* NewsAPISwift_Tests.xctest */,
				A0C756621EDE37BD009C28B6 /* NewsAPISwift_ExampleTests.xctest */,
			);
			name = Products;
			sourceTree = "<group>";
		};
		607FACD21AFB9204008FA782 /* Example for NewsAPISwift */ = {
			isa = PBXGroup;
			children = (
				D446489E1EE372E900A1A11C /* ViewControllers */,
				607FACD51AFB9204008FA782 /* AppDelegate.swift */,
				607FACD91AFB9204008FA782 /* Main.storyboard */,
				607FACDC1AFB9204008FA782 /* Images.xcassets */,
				607FACDE1AFB9204008FA782 /* LaunchScreen.xib */,
				607FACD31AFB9204008FA782 /* Supporting Files */,
			);
			name = "Example for NewsAPISwift";
			path = NewsAPISwift;
			sourceTree = "<group>";
		};
		607FACD31AFB9204008FA782 /* Supporting Files */ = {
			isa = PBXGroup;
			children = (
				607FACD41AFB9204008FA782 /* Info.plist */,
			);
			name = "Supporting Files";
			sourceTree = "<group>";
		};
		607FACE81AFB9204008FA782 /* Tests */ = {
			isa = PBXGroup;
			children = (
				A0361B101EDFA09F0072E13E /* Mock JSON */,
				A05EDEB61EDE283A00496266 /* NewsAPITests.swift */,
				607FACE91AFB9204008FA782 /* Supporting Files */,
			);
			path = Tests;
			sourceTree = "<group>";
		};
		607FACE91AFB9204008FA782 /* Supporting Files */ = {
			isa = PBXGroup;
			children = (
				607FACEA1AFB9204008FA782 /* Info.plist */,
			);
			name = "Supporting Files";
			sourceTree = "<group>";
		};
		607FACF51AFB993E008FA782 /* Podspec Metadata */ = {
			isa = PBXGroup;
			children = (
				88C8FB11E9BA33E4CC2949F3 /* NewsAPISwift.podspec */,
				7A1A21148BFC6D22213434EB /* README.md */,
				546FBC17ED6038B550DB4384 /* LICENSE */,
			);
			name = "Podspec Metadata";
			sourceTree = "<group>";
		};
		A0361B101EDFA09F0072E13E /* Mock JSON */ = {
			isa = PBXGroup;
			children = (
				D44648A11EE3A87100A1A11C /* ArticlesJSON.json */,
				A0361B121EDFA9C40072E13E /* InvalidJSON.json */,
				A0361B0E1EDFA09C0072E13E /* SourcesJSON.json */,
			);
			name = "Mock JSON";
			sourceTree = "<group>";
		};
		A0C756631EDE37BD009C28B6 /* NewsAPISwift_ExampleTests */ = {
			isa = PBXGroup;
			children = (
				A0C756661EDE37BD009C28B6 /* Info.plist */,
			);
			path = NewsAPISwift_ExampleTests;
			sourceTree = "<group>";
		};
		BD0DC5F874306690840D5802 /* Pods */ = {
			isa = PBXGroup;
			children = (
				38893061F0F8314EF872171F /* Pods-NewsAPISwift_Example.debug.xcconfig */,
				0FDF4FCDCBBDD92E2AA4ECB4 /* Pods-NewsAPISwift_Example.release.xcconfig */,
				FFAF349B98AE69CA9A503F04 /* Pods-NewsAPISwift_Tests.debug.xcconfig */,
				459D19A2F4C5710FF2105C69 /* Pods-NewsAPISwift_Tests.release.xcconfig */,
				D2F0FF1A8169869E68760DE6 /* Pods-NewsAPISwift_ExampleTests.debug.xcconfig */,
				3DB4E0A266FABE9A6F749C5A /* Pods-NewsAPISwift_ExampleTests.release.xcconfig */,
			);
			name = Pods;
			sourceTree = "<group>";
		};
		D446489E1EE372E900A1A11C /* ViewControllers */ = {
			isa = PBXGroup;
			children = (
				D446489C1EE371DA00A1A11C /* ListSourcesViewController.swift */,
				D4885B221EE60F3000355829 /* ListArticlesViewController.swift */,
			);
			name = ViewControllers;
			sourceTree = "<group>";
		};
/* End PBXGroup section */

/* Begin PBXNativeTarget section */
		607FACCF1AFB9204008FA782 /* NewsAPISwift_Example */ = {
			isa = PBXNativeTarget;
			buildConfigurationList = 607FACEF1AFB9204008FA782 /* Build configuration list for PBXNativeTarget "NewsAPISwift_Example" */;
			buildPhases = (
				94F02CD86D4F134AA59B6A85 /* [CP] Check Pods Manifest.lock */,
				607FACCC1AFB9204008FA782 /* Sources */,
				607FACCD1AFB9204008FA782 /* Frameworks */,
				607FACCE1AFB9204008FA782 /* Resources */,
				E6985321B7D68BF554D9AC77 /* [CP] Embed Pods Frameworks */,
				958724A1EE98D12B13A35A98 /* [CP] Copy Pods Resources */,
			);
			buildRules = (
			);
			dependencies = (
			);
			name = NewsAPISwift_Example;
			productName = NewsAPISwift;
			productReference = 607FACD01AFB9204008FA782 /* NewsAPISwift_Example.app */;
			productType = "com.apple.product-type.application";
		};
		607FACE41AFB9204008FA782 /* NewsAPISwift_Tests */ = {
			isa = PBXNativeTarget;
			buildConfigurationList = 607FACF21AFB9204008FA782 /* Build configuration list for PBXNativeTarget "NewsAPISwift_Tests" */;
			buildPhases = (
				ED0844DBBEB703D545B7EA8C /* [CP] Check Pods Manifest.lock */,
				607FACE11AFB9204008FA782 /* Sources */,
				607FACE21AFB9204008FA782 /* Frameworks */,
				607FACE31AFB9204008FA782 /* Resources */,
				442A67AD26916C56BF30039D /* [CP] Embed Pods Frameworks */,
				71C8D7FE62B184B7CA72C373 /* [CP] Copy Pods Resources */,
			);
			buildRules = (
			);
			dependencies = (
				607FACE71AFB9204008FA782 /* PBXTargetDependency */,
			);
			name = NewsAPISwift_Tests;
			productName = Tests;
			productReference = 607FACE51AFB9204008FA782 /* NewsAPISwift_Tests.xctest */;
			productType = "com.apple.product-type.bundle.unit-test";
		};
		A0C756611EDE37BD009C28B6 /* NewsAPISwift_ExampleTests */ = {
			isa = PBXNativeTarget;
			buildConfigurationList = A0C756691EDE37BD009C28B6 /* Build configuration list for PBXNativeTarget "NewsAPISwift_ExampleTests" */;
			buildPhases = (
				721852A1084759196C5281FE /* [CP] Check Pods Manifest.lock */,
				A0C7565E1EDE37BD009C28B6 /* Sources */,
				A0C7565F1EDE37BD009C28B6 /* Frameworks */,
				A0C756601EDE37BD009C28B6 /* Resources */,
				2051AF1547E466039AC7547E /* [CP] Embed Pods Frameworks */,
				D56B68966B30BA8625164D69 /* [CP] Copy Pods Resources */,
			);
			buildRules = (
			);
			dependencies = (
				A0C756681EDE37BD009C28B6 /* PBXTargetDependency */,
			);
			name = NewsAPISwift_ExampleTests;
			productName = NewsAPISwift_ExampleTests;
			productReference = A0C756621EDE37BD009C28B6 /* NewsAPISwift_ExampleTests.xctest */;
			productType = "com.apple.product-type.bundle.unit-test";
		};
/* End PBXNativeTarget section */

/* Begin PBXProject section */
		607FACC81AFB9204008FA782 /* Project object */ = {
			isa = PBXProject;
			attributes = {
				LastSwiftUpdateCheck = 0830;
				LastUpgradeCheck = 0820;
				ORGANIZATIONNAME = CocoaPods;
				TargetAttributes = {
					607FACCF1AFB9204008FA782 = {
						CreatedOnToolsVersion = 6.3.1;
						LastSwiftMigration = 0820;
					};
					607FACE41AFB9204008FA782 = {
						CreatedOnToolsVersion = 6.3.1;
						LastSwiftMigration = 0830;
						TestTargetID = 607FACCF1AFB9204008FA782;
					};
					A0C756611EDE37BD009C28B6 = {
						CreatedOnToolsVersion = 8.3.2;
						ProvisioningStyle = Automatic;
						TestTargetID = 607FACCF1AFB9204008FA782;
					};
				};
			};
			buildConfigurationList = 607FACCB1AFB9204008FA782 /* Build configuration list for PBXProject "NewsAPISwift" */;
			compatibilityVersion = "Xcode 3.2";
			developmentRegion = English;
			hasScannedForEncodings = 0;
			knownRegions = (
				en,
				Base,
			);
			mainGroup = 607FACC71AFB9204008FA782;
			productRefGroup = 607FACD11AFB9204008FA782 /* Products */;
			projectDirPath = "";
			projectRoot = "";
			targets = (
				607FACCF1AFB9204008FA782 /* NewsAPISwift_Example */,
				607FACE41AFB9204008FA782 /* NewsAPISwift_Tests */,
				A0C756611EDE37BD009C28B6 /* NewsAPISwift_ExampleTests */,
			);
		};
/* End PBXProject section */

/* Begin PBXResourcesBuildPhase section */
		607FACCE1AFB9204008FA782 /* Resources */ = {
			isa = PBXResourcesBuildPhase;
			buildActionMask = 2147483647;
			files = (
				D44648A21EE3A87100A1A11C /* ArticlesJSON.json in Resources */,
				607FACDB1AFB9204008FA782 /* Main.storyboard in Resources */,
				607FACE01AFB9204008FA782 /* LaunchScreen.xib in Resources */,
				A0361B0F1EDFA09C0072E13E /* SourcesJSON.json in Resources */,
				A0361B131EDFA9C40072E13E /* InvalidJSON.json in Resources */,
				607FACDD1AFB9204008FA782 /* Images.xcassets in Resources */,
			);
			runOnlyForDeploymentPostprocessing = 0;
		};
		607FACE31AFB9204008FA782 /* Resources */ = {
			isa = PBXResourcesBuildPhase;
			buildActionMask = 2147483647;
			files = (
				D40955B51EE6275700984734 /* ArticlesJSON.json in Resources */,
				D40955B61EE6275700984734 /* InvalidJSON.json in Resources */,
				D40955B71EE6275700984734 /* SourcesJSON.json in Resources */,
			);
			runOnlyForDeploymentPostprocessing = 0;
		};
		A0C756601EDE37BD009C28B6 /* Resources */ = {
			isa = PBXResourcesBuildPhase;
			buildActionMask = 2147483647;
			files = (
				D44648A31EE3A8AB00A1A11C /* ArticlesJSON.json in Resources */,
				A0361B141EDFA9CA0072E13E /* InvalidJSON.json in Resources */,
				A0361B111EDFA6390072E13E /* SourcesJSON.json in Resources */,
			);
			runOnlyForDeploymentPostprocessing = 0;
		};
/* End PBXResourcesBuildPhase section */

/* Begin PBXShellScriptBuildPhase section */
		2051AF1547E466039AC7547E /* [CP] Embed Pods Frameworks */ = {
			isa = PBXShellScriptBuildPhase;
			buildActionMask = 2147483647;
			files = (
			);
			inputPaths = (
			);
			name = "[CP] Embed Pods Frameworks";
			outputPaths = (
			);
			runOnlyForDeploymentPostprocessing = 0;
			shellPath = /bin/sh;
			shellScript = "\"${SRCROOT}/Pods/Target Support Files/Pods-NewsAPISwift_ExampleTests/Pods-NewsAPISwift_ExampleTests-frameworks.sh\"\n";
			showEnvVarsInLog = 0;
		};
		442A67AD26916C56BF30039D /* [CP] Embed Pods Frameworks */ = {
			isa = PBXShellScriptBuildPhase;
			buildActionMask = 2147483647;
			files = (
			);
			inputPaths = (
			);
			name = "[CP] Embed Pods Frameworks";
			outputPaths = (
			);
			runOnlyForDeploymentPostprocessing = 0;
			shellPath = /bin/sh;
			shellScript = "\"${SRCROOT}/Pods/Target Support Files/Pods-NewsAPISwift_Tests/Pods-NewsAPISwift_Tests-frameworks.sh\"\n";
			showEnvVarsInLog = 0;
		};
		71C8D7FE62B184B7CA72C373 /* [CP] Copy Pods Resources */ = {
			isa = PBXShellScriptBuildPhase;
			buildActionMask = 2147483647;
			files = (
			);
			inputPaths = (
			);
			name = "[CP] Copy Pods Resources";
			outputPaths = (
			);
			runOnlyForDeploymentPostprocessing = 0;
			shellPath = /bin/sh;
			shellScript = "\"${SRCROOT}/Pods/Target Support Files/Pods-NewsAPISwift_Tests/Pods-NewsAPISwift_Tests-resources.sh\"\n";
			showEnvVarsInLog = 0;
		};
		721852A1084759196C5281FE /* [CP] Check Pods Manifest.lock */ = {
			isa = PBXShellScriptBuildPhase;
			buildActionMask = 2147483647;
			files = (
			);
			inputPaths = (
				"${PODS_PODFILE_DIR_PATH}/Podfile.lock",
				"${PODS_ROOT}/Manifest.lock",
			);
			name = "[CP] Check Pods Manifest.lock";
			outputPaths = (
				"$(DERIVED_FILE_DIR)/Pods-NewsAPISwift_ExampleTests-checkManifestLockResult.txt",
			);
			runOnlyForDeploymentPostprocessing = 0;
			shellPath = /bin/sh;
			shellScript = "diff \"${PODS_PODFILE_DIR_PATH}/Podfile.lock\" \"${PODS_ROOT}/Manifest.lock\" > /dev/null\nif [ $? != 0 ] ; then\n    # print error to STDERR\n    echo \"error: The sandbox is not in sync with the Podfile.lock. Run 'pod install' or update your CocoaPods installation.\" >&2\n    exit 1\nfi\n# This output is used by Xcode 'outputs' to avoid re-running this script phase.\necho \"SUCCESS\" > \"${SCRIPT_OUTPUT_FILE_0}\"\n";
			showEnvVarsInLog = 0;
		};
		94F02CD86D4F134AA59B6A85 /* [CP] Check Pods Manifest.lock */ = {
			isa = PBXShellScriptBuildPhase;
			buildActionMask = 2147483647;
			files = (
			);
			inputPaths = (
				"${PODS_PODFILE_DIR_PATH}/Podfile.lock",
				"${PODS_ROOT}/Manifest.lock",
			);
			name = "[CP] Check Pods Manifest.lock";
			outputPaths = (
				"$(DERIVED_FILE_DIR)/Pods-NewsAPISwift_Example-checkManifestLockResult.txt",
			);
			runOnlyForDeploymentPostprocessing = 0;
			shellPath = /bin/sh;
			shellScript = "diff \"${PODS_PODFILE_DIR_PATH}/Podfile.lock\" \"${PODS_ROOT}/Manifest.lock\" > /dev/null\nif [ $? != 0 ] ; then\n    # print error to STDERR\n    echo \"error: The sandbox is not in sync with the Podfile.lock. Run 'pod install' or update your CocoaPods installation.\" >&2\n    exit 1\nfi\n# This output is used by Xcode 'outputs' to avoid re-running this script phase.\necho \"SUCCESS\" > \"${SCRIPT_OUTPUT_FILE_0}\"\n";
			showEnvVarsInLog = 0;
		};
		958724A1EE98D12B13A35A98 /* [CP] Copy Pods Resources */ = {
			isa = PBXShellScriptBuildPhase;
			buildActionMask = 2147483647;
			files = (
			);
			inputPaths = (
			);
			name = "[CP] Copy Pods Resources";
			outputPaths = (
			);
			runOnlyForDeploymentPostprocessing = 0;
			shellPath = /bin/sh;
			shellScript = "\"${SRCROOT}/Pods/Target Support Files/Pods-NewsAPISwift_Example/Pods-NewsAPISwift_Example-resources.sh\"\n";
			showEnvVarsInLog = 0;
		};
		D56B68966B30BA8625164D69 /* [CP] Copy Pods Resources */ = {
			isa = PBXShellScriptBuildPhase;
			buildActionMask = 2147483647;
			files = (
			);
			inputPaths = (
			);
			name = "[CP] Copy Pods Resources";
			outputPaths = (
			);
			runOnlyForDeploymentPostprocessing = 0;
			shellPath = /bin/sh;
			shellScript = "\"${SRCROOT}/Pods/Target Support Files/Pods-NewsAPISwift_ExampleTests/Pods-NewsAPISwift_ExampleTests-resources.sh\"\n";
			showEnvVarsInLog = 0;
		};
		E6985321B7D68BF554D9AC77 /* [CP] Embed Pods Frameworks */ = {
			isa = PBXShellScriptBuildPhase;
			buildActionMask = 2147483647;
			files = (
			);
			inputPaths = (
				"${SRCROOT}/Pods/Target Support Files/Pods-NewsAPISwift_Example/Pods-NewsAPISwift_Example-frameworks.sh",
				"${BUILT_PRODUCTS_DIR}/NewsAPISwift/NewsAPISwift.framework",
				"${BUILT_PRODUCTS_DIR}/ObjectMapper/ObjectMapper.framework",
			);
			name = "[CP] Embed Pods Frameworks";
			outputPaths = (
				"${TARGET_BUILD_DIR}/${FRAMEWORKS_FOLDER_PATH}/NewsAPISwift.framework",
				"${TARGET_BUILD_DIR}/${FRAMEWORKS_FOLDER_PATH}/ObjectMapper.framework",
			);
			runOnlyForDeploymentPostprocessing = 0;
			shellPath = /bin/sh;
			shellScript = "\"${SRCROOT}/Pods/Target Support Files/Pods-NewsAPISwift_Example/Pods-NewsAPISwift_Example-frameworks.sh\"\n";
			showEnvVarsInLog = 0;
		};
		ED0844DBBEB703D545B7EA8C /* [CP] Check Pods Manifest.lock */ = {
			isa = PBXShellScriptBuildPhase;
			buildActionMask = 2147483647;
			files = (
			);
			inputPaths = (
				"${PODS_PODFILE_DIR_PATH}/Podfile.lock",
				"${PODS_ROOT}/Manifest.lock",
			);
			name = "[CP] Check Pods Manifest.lock";
			outputPaths = (
				"$(DERIVED_FILE_DIR)/Pods-NewsAPISwift_Tests-checkManifestLockResult.txt",
			);
			runOnlyForDeploymentPostprocessing = 0;
			shellPath = /bin/sh;
			shellScript = "diff \"${PODS_PODFILE_DIR_PATH}/Podfile.lock\" \"${PODS_ROOT}/Manifest.lock\" > /dev/null\nif [ $? != 0 ] ; then\n    # print error to STDERR\n    echo \"error: The sandbox is not in sync with the Podfile.lock. Run 'pod install' or update your CocoaPods installation.\" >&2\n    exit 1\nfi\n# This output is used by Xcode 'outputs' to avoid re-running this script phase.\necho \"SUCCESS\" > \"${SCRIPT_OUTPUT_FILE_0}\"\n";
			showEnvVarsInLog = 0;
		};
/* End PBXShellScriptBuildPhase section */

/* Begin PBXSourcesBuildPhase section */
		607FACCC1AFB9204008FA782 /* Sources */ = {
			isa = PBXSourcesBuildPhase;
			buildActionMask = 2147483647;
			files = (
				607FACD61AFB9204008FA782 /* AppDelegate.swift in Sources */,
				D446489D1EE371DA00A1A11C /* ListSourcesViewController.swift in Sources */,
				D4885B231EE60F3000355829 /* ListArticlesViewController.swift in Sources */,
			);
			runOnlyForDeploymentPostprocessing = 0;
		};
		607FACE11AFB9204008FA782 /* Sources */ = {
			isa = PBXSourcesBuildPhase;
			buildActionMask = 2147483647;
			files = (
				D40955B41EE6274F00984734 /* NewsAPITests.swift in Sources */,
			);
			runOnlyForDeploymentPostprocessing = 0;
		};
		A0C7565E1EDE37BD009C28B6 /* Sources */ = {
			isa = PBXSourcesBuildPhase;
			buildActionMask = 2147483647;
			files = (
				A0C756701EDE385C009C28B6 /* NewsAPITests.swift in Sources */,
			);
			runOnlyForDeploymentPostprocessing = 0;
		};
/* End PBXSourcesBuildPhase section */

/* Begin PBXTargetDependency section */
		607FACE71AFB9204008FA782 /* PBXTargetDependency */ = {
			isa = PBXTargetDependency;
			target = 607FACCF1AFB9204008FA782 /* NewsAPISwift_Example */;
			targetProxy = 607FACE61AFB9204008FA782 /* PBXContainerItemProxy */;
		};
		A0C756681EDE37BD009C28B6 /* PBXTargetDependency */ = {
			isa = PBXTargetDependency;
			target = 607FACCF1AFB9204008FA782 /* NewsAPISwift_Example */;
			targetProxy = A0C756671EDE37BD009C28B6 /* PBXContainerItemProxy */;
		};
/* End PBXTargetDependency section */

/* Begin PBXVariantGroup section */
		607FACD91AFB9204008FA782 /* Main.storyboard */ = {
			isa = PBXVariantGroup;
			children = (
				607FACDA1AFB9204008FA782 /* Base */,
			);
			name = Main.storyboard;
			sourceTree = "<group>";
		};
		607FACDE1AFB9204008FA782 /* LaunchScreen.xib */ = {
			isa = PBXVariantGroup;
			children = (
				607FACDF1AFB9204008FA782 /* Base */,
			);
			name = LaunchScreen.xib;
			sourceTree = "<group>";
		};
/* End PBXVariantGroup section */

/* Begin XCBuildConfiguration section */
		607FACED1AFB9204008FA782 /* Debug */ = {
			isa = XCBuildConfiguration;
			buildSettings = {
				ALWAYS_SEARCH_USER_PATHS = NO;
				CLANG_CXX_LANGUAGE_STANDARD = "gnu++0x";
				CLANG_CXX_LIBRARY = "libc++";
				CLANG_ENABLE_MODULES = YES;
				CLANG_ENABLE_OBJC_ARC = YES;
				CLANG_WARN_BOOL_CONVERSION = YES;
				CLANG_WARN_CONSTANT_CONVERSION = YES;
				CLANG_WARN_DIRECT_OBJC_ISA_USAGE = YES_ERROR;
				CLANG_WARN_EMPTY_BODY = YES;
				CLANG_WARN_ENUM_CONVERSION = YES;
				CLANG_WARN_INFINITE_RECURSION = YES;
				CLANG_WARN_INT_CONVERSION = YES;
				CLANG_WARN_OBJC_ROOT_CLASS = YES_ERROR;
				CLANG_WARN_SUSPICIOUS_MOVE = YES;
				CLANG_WARN_UNREACHABLE_CODE = YES;
				CLANG_WARN__DUPLICATE_METHOD_MATCH = YES;
				"CODE_SIGN_IDENTITY[sdk=iphoneos*]" = "iPhone Developer";
				COPY_PHASE_STRIP = NO;
				DEBUG_INFORMATION_FORMAT = "dwarf-with-dsym";
				ENABLE_STRICT_OBJC_MSGSEND = YES;
				ENABLE_TESTABILITY = YES;
				GCC_C_LANGUAGE_STANDARD = gnu99;
				GCC_DYNAMIC_NO_PIC = NO;
				GCC_NO_COMMON_BLOCKS = YES;
				GCC_OPTIMIZATION_LEVEL = 0;
				GCC_PREPROCESSOR_DEFINITIONS = (
					"DEBUG=1",
					"$(inherited)",
				);
				GCC_SYMBOLS_PRIVATE_EXTERN = NO;
				GCC_WARN_64_TO_32_BIT_CONVERSION = YES;
				GCC_WARN_ABOUT_RETURN_TYPE = YES_ERROR;
				GCC_WARN_UNDECLARED_SELECTOR = YES;
				GCC_WARN_UNINITIALIZED_AUTOS = YES_AGGRESSIVE;
				GCC_WARN_UNUSED_FUNCTION = YES;
				GCC_WARN_UNUSED_VARIABLE = YES;
				IPHONEOS_DEPLOYMENT_TARGET = 8.3;
				MTL_ENABLE_DEBUG_INFO = YES;
				ONLY_ACTIVE_ARCH = YES;
				SDKROOT = iphoneos;
				SWIFT_OPTIMIZATION_LEVEL = "-Onone";
			};
			name = Debug;
		};
		607FACEE1AFB9204008FA782 /* Release */ = {
			isa = XCBuildConfiguration;
			buildSettings = {
				ALWAYS_SEARCH_USER_PATHS = NO;
				CLANG_CXX_LANGUAGE_STANDARD = "gnu++0x";
				CLANG_CXX_LIBRARY = "libc++";
				CLANG_ENABLE_MODULES = YES;
				CLANG_ENABLE_OBJC_ARC = YES;
				CLANG_WARN_BOOL_CONVERSION = YES;
				CLANG_WARN_CONSTANT_CONVERSION = YES;
				CLANG_WARN_DIRECT_OBJC_ISA_USAGE = YES_ERROR;
				CLANG_WARN_EMPTY_BODY = YES;
				CLANG_WARN_ENUM_CONVERSION = YES;
				CLANG_WARN_INFINITE_RECURSION = YES;
				CLANG_WARN_INT_CONVERSION = YES;
				CLANG_WARN_OBJC_ROOT_CLASS = YES_ERROR;
				CLANG_WARN_SUSPICIOUS_MOVE = YES;
				CLANG_WARN_UNREACHABLE_CODE = YES;
				CLANG_WARN__DUPLICATE_METHOD_MATCH = YES;
				"CODE_SIGN_IDENTITY[sdk=iphoneos*]" = "iPhone Developer";
				COPY_PHASE_STRIP = NO;
				DEBUG_INFORMATION_FORMAT = "dwarf-with-dsym";
				ENABLE_NS_ASSERTIONS = NO;
				ENABLE_STRICT_OBJC_MSGSEND = YES;
				GCC_C_LANGUAGE_STANDARD = gnu99;
				GCC_NO_COMMON_BLOCKS = YES;
				GCC_WARN_64_TO_32_BIT_CONVERSION = YES;
				GCC_WARN_ABOUT_RETURN_TYPE = YES_ERROR;
				GCC_WARN_UNDECLARED_SELECTOR = YES;
				GCC_WARN_UNINITIALIZED_AUTOS = YES_AGGRESSIVE;
				GCC_WARN_UNUSED_FUNCTION = YES;
				GCC_WARN_UNUSED_VARIABLE = YES;
				IPHONEOS_DEPLOYMENT_TARGET = 8.3;
				MTL_ENABLE_DEBUG_INFO = NO;
				SDKROOT = iphoneos;
				SWIFT_OPTIMIZATION_LEVEL = "-Owholemodule";
				VALIDATE_PRODUCT = YES;
			};
			name = Release;
		};
		607FACF01AFB9204008FA782 /* Debug */ = {
			isa = XCBuildConfiguration;
			baseConfigurationReference = 38893061F0F8314EF872171F /* Pods-NewsAPISwift_Example.debug.xcconfig */;
			buildSettings = {
				ASSETCATALOG_COMPILER_APPICON_NAME = AppIcon;
				DEVELOPMENT_TEAM = "";
				INFOPLIST_FILE = NewsAPISwift/Info.plist;
				LD_RUNPATH_SEARCH_PATHS = "$(inherited) @executable_path/Frameworks";
				MODULE_NAME = ExampleApp;
				PRODUCT_BUNDLE_IDENTIFIER = "org.cocoapods.demo.$(PRODUCT_NAME:rfc1034identifier)";
				PRODUCT_NAME = "$(TARGET_NAME)";
				SWIFT_VERSION = 3.0;
			};
			name = Debug;
		};
		607FACF11AFB9204008FA782 /* Release */ = {
			isa = XCBuildConfiguration;
			baseConfigurationReference = 0FDF4FCDCBBDD92E2AA4ECB4 /* Pods-NewsAPISwift_Example.release.xcconfig */;
			buildSettings = {
				ASSETCATALOG_COMPILER_APPICON_NAME = AppIcon;
				DEVELOPMENT_TEAM = "";
				INFOPLIST_FILE = NewsAPISwift/Info.plist;
				LD_RUNPATH_SEARCH_PATHS = "$(inherited) @executable_path/Frameworks";
				MODULE_NAME = ExampleApp;
				PRODUCT_BUNDLE_IDENTIFIER = "org.cocoapods.demo.$(PRODUCT_NAME:rfc1034identifier)";
				PRODUCT_NAME = "$(TARGET_NAME)";
				SWIFT_VERSION = 3.0;
			};
			name = Release;
		};
		607FACF31AFB9204008FA782 /* Debug */ = {
			isa = XCBuildConfiguration;
			baseConfigurationReference = FFAF349B98AE69CA9A503F04 /* Pods-NewsAPISwift_Tests.debug.xcconfig */;
			buildSettings = {
				CLANG_ENABLE_MODULES = YES;
				GCC_PREPROCESSOR_DEFINITIONS = (
					"DEBUG=1",
					"$(inherited)",
				);
				INFOPLIST_FILE = Tests/Info.plist;
				PRODUCT_BUNDLE_IDENTIFIER = "org.cocoapods.$(PRODUCT_NAME:rfc1034identifier)";
				PRODUCT_NAME = "$(TARGET_NAME)";
				SWIFT_OPTIMIZATION_LEVEL = "-Onone";
				SWIFT_VERSION = 3.0;
			};
			name = Debug;
		};
		607FACF41AFB9204008FA782 /* Release */ = {
			isa = XCBuildConfiguration;
			baseConfigurationReference = 459D19A2F4C5710FF2105C69 /* Pods-NewsAPISwift_Tests.release.xcconfig */;
			buildSettings = {
				CLANG_ENABLE_MODULES = YES;
				INFOPLIST_FILE = Tests/Info.plist;
				PRODUCT_BUNDLE_IDENTIFIER = "org.cocoapods.$(PRODUCT_NAME:rfc1034identifier)";
				PRODUCT_NAME = "$(TARGET_NAME)";
				SWIFT_VERSION = 3.0;
			};
			name = Release;
		};
		A0C7566A1EDE37BD009C28B6 /* Debug */ = {
			isa = XCBuildConfiguration;
			baseConfigurationReference = D2F0FF1A8169869E68760DE6 /* Pods-NewsAPISwift_ExampleTests.debug.xcconfig */;
			buildSettings = {
				BUNDLE_LOADER = "$(TEST_HOST)";
				CLANG_ANALYZER_NONNULL = YES;
				CLANG_ANALYZER_NUMBER_OBJECT_CONVERSION = YES_AGGRESSIVE;
				CLANG_WARN_DOCUMENTATION_COMMENTS = YES;
				DEBUG_INFORMATION_FORMAT = dwarf;
				INFOPLIST_FILE = NewsAPISwift_ExampleTests/Info.plist;
				IPHONEOS_DEPLOYMENT_TARGET = 10.3;
				LD_RUNPATH_SEARCH_PATHS = "$(inherited) @executable_path/Frameworks @loader_path/Frameworks";
				PRODUCT_BUNDLE_IDENTIFIER = "com.lucas.lima.NewsAPISwift-ExampleTests";
				PRODUCT_NAME = "$(TARGET_NAME)";
				SWIFT_ACTIVE_COMPILATION_CONDITIONS = DEBUG;
				SWIFT_VERSION = 3.0;
				TEST_HOST = "$(BUILT_PRODUCTS_DIR)/NewsAPISwift_Example.app/NewsAPISwift_Example";
			};
			name = Debug;
		};
		A0C7566B1EDE37BD009C28B6 /* Release */ = {
			isa = XCBuildConfiguration;
			baseConfigurationReference = 3DB4E0A266FABE9A6F749C5A /* Pods-NewsAPISwift_ExampleTests.release.xcconfig */;
			buildSettings = {
				BUNDLE_LOADER = "$(TEST_HOST)";
				CLANG_ANALYZER_NONNULL = YES;
				CLANG_ANALYZER_NUMBER_OBJECT_CONVERSION = YES_AGGRESSIVE;
				CLANG_WARN_DOCUMENTATION_COMMENTS = YES;
				INFOPLIST_FILE = NewsAPISwift_ExampleTests/Info.plist;
				IPHONEOS_DEPLOYMENT_TARGET = 10.3;
				LD_RUNPATH_SEARCH_PATHS = "$(inherited) @executable_path/Frameworks @loader_path/Frameworks";
				PRODUCT_BUNDLE_IDENTIFIER = "com.lucas.lima.NewsAPISwift-ExampleTests";
				PRODUCT_NAME = "$(TARGET_NAME)";
				SWIFT_VERSION = 3.0;
				TEST_HOST = "$(BUILT_PRODUCTS_DIR)/NewsAPISwift_Example.app/NewsAPISwift_Example";
			};
			name = Release;
		};
/* End XCBuildConfiguration section */

/* Begin XCConfigurationList section */
		607FACCB1AFB9204008FA782 /* Build configuration list for PBXProject "NewsAPISwift" */ = {
			isa = XCConfigurationList;
			buildConfigurations = (
				607FACED1AFB9204008FA782 /* Debug */,
				607FACEE1AFB9204008FA782 /* Release */,
			);
			defaultConfigurationIsVisible = 0;
			defaultConfigurationName = Release;
		};
		607FACEF1AFB9204008FA782 /* Build configuration list for PBXNativeTarget "NewsAPISwift_Example" */ = {
			isa = XCConfigurationList;
			buildConfigurations = (
				607FACF01AFB9204008FA782 /* Debug */,
				607FACF11AFB9204008FA782 /* Release */,
			);
			defaultConfigurationIsVisible = 0;
			defaultConfigurationName = Release;
		};
		607FACF21AFB9204008FA782 /* Build configuration list for PBXNativeTarget "NewsAPISwift_Tests" */ = {
			isa = XCConfigurationList;
			buildConfigurations = (
				607FACF31AFB9204008FA782 /* Debug */,
				607FACF41AFB9204008FA782 /* Release */,
			);
			defaultConfigurationIsVisible = 0;
			defaultConfigurationName = Release;
		};
		A0C756691EDE37BD009C28B6 /* Build configuration list for PBXNativeTarget "NewsAPISwift_ExampleTests" */ = {
			isa = XCConfigurationList;
			buildConfigurations = (
				A0C7566A1EDE37BD009C28B6 /* Debug */,
				A0C7566B1EDE37BD009C28B6 /* Release */,
			);
			defaultConfigurationIsVisible = 0;
			defaultConfigurationName = Release;
		};
/* End XCConfigurationList section */
	};
	rootObject = 607FACC81AFB9204008FA782 /* Project object */;
}
