// !$*UTF8*$!
{
	archiveVersion = 1;
	classes = {
	};
	objectVersion = 50;
	objects = {

/* Begin PBXBuildFile section */
		4CDAE5BA20DC85C600A16C00 /* NewsAPISwift.h in Headers */ = {isa = PBXBuildFile; fileRef = 4CDAE5B820DC85C600A16C00 /* NewsAPISwift.h */; settings = {ATTRIBUTES = (Public, ); }; };
		4CDAE5C420DC86AC00A16C00 /* NewsAPISpec.swift in Sources */ = {isa = PBXBuildFile; fileRef = 4CDAE5C320DC86AC00A16C00 /* NewsAPISpec.swift */; };
		4CDAE5C620DC86AC00A16C00 /* NewsAPISwift.framework in Frameworks */ = {isa = PBXBuildFile; fileRef = 4CC8D49A20DC849800717056 /* NewsAPISwift.framework */; };
		4CF4CF5620DC955F001B00F1 /* NewsAPI.swift in Sources */ = {isa = PBXBuildFile; fileRef = 4CF4CF5520DC955F001B00F1 /* NewsAPI.swift */; };
		4CF4CF5820DC99AF001B00F1 /* NewsAPITarget.swift in Sources */ = {isa = PBXBuildFile; fileRef = 4CF4CF5720DC99AF001B00F1 /* NewsAPITarget.swift */; };
		4CF4CF5B20DC9A39001B00F1 /* Result.swift in Sources */ = {isa = PBXBuildFile; fileRef = 4CF4CF5A20DC9A39001B00F1 /* Result.swift */; };
		4CF4CF5E20DC9A8E001B00F1 /* NewsAPISource.swift in Sources */ = {isa = PBXBuildFile; fileRef = 4CF4CF5D20DC9A8E001B00F1 /* NewsAPISource.swift */; };
		4CF4CF6020DC9B23001B00F1 /* NewsAPIError.swift in Sources */ = {isa = PBXBuildFile; fileRef = 4CF4CF5F20DC9B23001B00F1 /* NewsAPIError.swift */; };
		4CF4CF6420DCA18E001B00F1 /* NewsAPICategory.swift in Sources */ = {isa = PBXBuildFile; fileRef = 4CF4CF6320DCA18E001B00F1 /* NewsAPICategory.swift */; };
		4CF4CF6620DCA197001B00F1 /* NewsAPILanguage.swift in Sources */ = {isa = PBXBuildFile; fileRef = 4CF4CF6520DCA197001B00F1 /* NewsAPILanguage.swift */; };
		4CF4CF6820DCA1A0001B00F1 /* NewsAPICountry.swift in Sources */ = {isa = PBXBuildFile; fileRef = 4CF4CF6720DCA1A0001B00F1 /* NewsAPICountry.swift */; };
		4CF4CF6A20DCA1DA001B00F1 /* TargetType.swift in Sources */ = {isa = PBXBuildFile; fileRef = 4CF4CF6920DCA1DA001B00F1 /* TargetType.swift */; };
		4CF4CF6D20DCA2A0001B00F1 /* NewsAPITargetSpec.swift in Sources */ = {isa = PBXBuildFile; fileRef = 4CF4CF6C20DCA2A0001B00F1 /* NewsAPITargetSpec.swift */; };
		4CF4CF7020DCA365001B00F1 /* NewsProvider.swift in Sources */ = {isa = PBXBuildFile; fileRef = 4CF4CF6F20DCA365001B00F1 /* NewsProvider.swift */; };
		BF3AB5510A86673D2A0E8990 /* libPods-Tests.a in Frameworks */ = {isa = PBXBuildFile; fileRef = 089DF92F75F41EF68F82EDB5 /* libPods-Tests.a */; };
/* End PBXBuildFile section */

/* Begin PBXContainerItemProxy section */
		4CDAE5C720DC86AC00A16C00 /* PBXContainerItemProxy */ = {
			isa = PBXContainerItemProxy;
			containerPortal = 4CC8D49120DC849800717056 /* Project object */;
			proxyType = 1;
			remoteGlobalIDString = 4CC8D49920DC849800717056;
			remoteInfo = NewsAPISwift;
		};
/* End PBXContainerItemProxy section */

/* Begin PBXFileReference section */
		089DF92F75F41EF68F82EDB5 /* libPods-Tests.a */ = {isa = PBXFileReference; explicitFileType = archive.ar; includeInIndex = 0; path = "libPods-Tests.a"; sourceTree = BUILT_PRODUCTS_DIR; };
		4CC8D49A20DC849800717056 /* NewsAPISwift.framework */ = {isa = PBXFileReference; explicitFileType = wrapper.framework; includeInIndex = 0; path = NewsAPISwift.framework; sourceTree = BUILT_PRODUCTS_DIR; };
		4CDAE5B820DC85C600A16C00 /* NewsAPISwift.h */ = {isa = PBXFileReference; fileEncoding = 4; lastKnownFileType = sourcecode.c.h; path = NewsAPISwift.h; sourceTree = "<group>"; };
		4CDAE5B920DC85C600A16C00 /* Info.plist */ = {isa = PBXFileReference; fileEncoding = 4; lastKnownFileType = text.plist.xml; path = Info.plist; sourceTree = "<group>"; };
		4CDAE5C120DC86AC00A16C00 /* Tests.xctest */ = {isa = PBXFileReference; explicitFileType = wrapper.cfbundle; includeInIndex = 0; path = Tests.xctest; sourceTree = BUILT_PRODUCTS_DIR; };
		4CDAE5C320DC86AC00A16C00 /* NewsAPISpec.swift */ = {isa = PBXFileReference; lastKnownFileType = sourcecode.swift; path = NewsAPISpec.swift; sourceTree = "<group>"; };
		4CDAE5C520DC86AC00A16C00 /* Info.plist */ = {isa = PBXFileReference; lastKnownFileType = text.plist.xml; path = Info.plist; sourceTree = "<group>"; };
		4CDAE5CD20DC8AA500A16C00 /* Nimble.framework */ = {isa = PBXFileReference; lastKnownFileType = wrapper.framework; name = Nimble.framework; path = Carthage/Build/iOS/Nimble.framework; sourceTree = "<group>"; };
		4CDAE5CE20DC8AA500A16C00 /* Quick.framework */ = {isa = PBXFileReference; lastKnownFileType = wrapper.framework; name = Quick.framework; path = Carthage/Build/iOS/Quick.framework; sourceTree = "<group>"; };
		4CDAE5CF20DC8AA500A16C00 /* OHHTTPStubs.framework */ = {isa = PBXFileReference; lastKnownFileType = wrapper.framework; name = OHHTTPStubs.framework; path = Carthage/Build/iOS/OHHTTPStubs.framework; sourceTree = "<group>"; };
		4CF4CF5520DC955F001B00F1 /* NewsAPI.swift */ = {isa = PBXFileReference; lastKnownFileType = sourcecode.swift; path = NewsAPI.swift; sourceTree = "<group>"; };
		4CF4CF5720DC99AF001B00F1 /* NewsAPITarget.swift */ = {isa = PBXFileReference; lastKnownFileType = sourcecode.swift; path = NewsAPITarget.swift; sourceTree = "<group>"; };
		4CF4CF5A20DC9A39001B00F1 /* Result.swift */ = {isa = PBXFileReference; lastKnownFileType = sourcecode.swift; path = Result.swift; sourceTree = "<group>"; };
		4CF4CF5D20DC9A8E001B00F1 /* NewsAPISource.swift */ = {isa = PBXFileReference; lastKnownFileType = sourcecode.swift; path = NewsAPISource.swift; sourceTree = "<group>"; };
		4CF4CF5F20DC9B23001B00F1 /* NewsAPIError.swift */ = {isa = PBXFileReference; lastKnownFileType = sourcecode.swift; path = NewsAPIError.swift; sourceTree = "<group>"; };
		4CF4CF6320DCA18E001B00F1 /* NewsAPICategory.swift */ = {isa = PBXFileReference; lastKnownFileType = sourcecode.swift; path = NewsAPICategory.swift; sourceTree = "<group>"; };
		4CF4CF6520DCA197001B00F1 /* NewsAPILanguage.swift */ = {isa = PBXFileReference; lastKnownFileType = sourcecode.swift; path = NewsAPILanguage.swift; sourceTree = "<group>"; };
		4CF4CF6720DCA1A0001B00F1 /* NewsAPICountry.swift */ = {isa = PBXFileReference; lastKnownFileType = sourcecode.swift; path = NewsAPICountry.swift; sourceTree = "<group>"; };
		4CF4CF6920DCA1DA001B00F1 /* TargetType.swift */ = {isa = PBXFileReference; lastKnownFileType = sourcecode.swift; path = TargetType.swift; sourceTree = "<group>"; };
		4CF4CF6C20DCA2A0001B00F1 /* NewsAPITargetSpec.swift */ = {isa = PBXFileReference; lastKnownFileType = sourcecode.swift; path = NewsAPITargetSpec.swift; sourceTree = "<group>"; };
		4CF4CF6F20DCA365001B00F1 /* NewsProvider.swift */ = {isa = PBXFileReference; lastKnownFileType = sourcecode.swift; path = NewsProvider.swift; sourceTree = "<group>"; };
		678DA512B71E06768B1CB17F /* Pods-Tests.release.xcconfig */ = {isa = PBXFileReference; includeInIndex = 1; lastKnownFileType = text.xcconfig; name = "Pods-Tests.release.xcconfig"; path = "Pods/Target Support Files/Pods-Tests/Pods-Tests.release.xcconfig"; sourceTree = "<group>"; };
		BB77D0BE3827E2D6C132E3E7 /* Pods-Tests.debug.xcconfig */ = {isa = PBXFileReference; includeInIndex = 1; lastKnownFileType = text.xcconfig; name = "Pods-Tests.debug.xcconfig"; path = "Pods/Target Support Files/Pods-Tests/Pods-Tests.debug.xcconfig"; sourceTree = "<group>"; };
/* End PBXFileReference section */

/* Begin PBXFrameworksBuildPhase section */
		4CC8D49720DC849800717056 /* Frameworks */ = {
			isa = PBXFrameworksBuildPhase;
			buildActionMask = 2147483647;
			files = (
			);
			runOnlyForDeploymentPostprocessing = 0;
		};
		4CDAE5BE20DC86AC00A16C00 /* Frameworks */ = {
			isa = PBXFrameworksBuildPhase;
			buildActionMask = 2147483647;
			files = (
				4CDAE5C620DC86AC00A16C00 /* NewsAPISwift.framework in Frameworks */,
				BF3AB5510A86673D2A0E8990 /* libPods-Tests.a in Frameworks */,
			);
			runOnlyForDeploymentPostprocessing = 0;
		};
/* End PBXFrameworksBuildPhase section */

/* Begin PBXGroup section */
		355F5BC138FFA70D9BEBC52F /* Pods */ = {
			isa = PBXGroup;
			children = (
				BB77D0BE3827E2D6C132E3E7 /* Pods-Tests.debug.xcconfig */,
				678DA512B71E06768B1CB17F /* Pods-Tests.release.xcconfig */,
			);
			name = Pods;
			sourceTree = "<group>";
		};
		4CC8D49020DC849800717056 = {
			isa = PBXGroup;
			children = (
				4CDAE5B720DC85C600A16C00 /* Source */,
				4CDAE5C220DC86AC00A16C00 /* Tests */,
				4CC8D49B20DC849800717056 /* Products */,
				4CDAE5CC20DC8AA500A16C00 /* Frameworks */,
				355F5BC138FFA70D9BEBC52F /* Pods */,
			);
			sourceTree = "<group>";
		};
		4CC8D49B20DC849800717056 /* Products */ = {
			isa = PBXGroup;
			children = (
				4CC8D49A20DC849800717056 /* NewsAPISwift.framework */,
				4CDAE5C120DC86AC00A16C00 /* Tests.xctest */,
			);
			name = Products;
			sourceTree = "<group>";
		};
		4CDAE5B720DC85C600A16C00 /* Source */ = {
			isa = PBXGroup;
			children = (
				4CF4CF6E20DCA34B001B00F1 /* Parameters */,
				4CF4CF6120DCA13D001B00F1 /* Provider */,
				4CF4CF5C20DC9A81001B00F1 /* Entities */,
				4CF4CF5420DC954F001B00F1 /* NewsAPI */,
				4CDAE5BC20DC85CA00A16C00 /* Supporting Files */,
			);
			path = Source;
			sourceTree = "<group>";
		};
		4CDAE5BC20DC85CA00A16C00 /* Supporting Files */ = {
			isa = PBXGroup;
			children = (
				4CDAE5B820DC85C600A16C00 /* NewsAPISwift.h */,
				4CDAE5B920DC85C600A16C00 /* Info.plist */,
			);
			path = "Supporting Files";
			sourceTree = "<group>";
		};
		4CDAE5C220DC86AC00A16C00 /* Tests */ = {
			isa = PBXGroup;
			children = (
				4CDAE5C320DC86AC00A16C00 /* NewsAPISpec.swift */,
				4CF4CF6C20DCA2A0001B00F1 /* NewsAPITargetSpec.swift */,
				4CDAE5C520DC86AC00A16C00 /* Info.plist */,
			);
			path = Tests;
			sourceTree = "<group>";
		};
		4CDAE5CC20DC8AA500A16C00 /* Frameworks */ = {
			isa = PBXGroup;
			children = (
				4CDAE5CD20DC8AA500A16C00 /* Nimble.framework */,
				4CDAE5CF20DC8AA500A16C00 /* OHHTTPStubs.framework */,
				4CDAE5CE20DC8AA500A16C00 /* Quick.framework */,
				089DF92F75F41EF68F82EDB5 /* libPods-Tests.a */,
			);
			name = Frameworks;
			sourceTree = "<group>";
		};
		4CF4CF5420DC954F001B00F1 /* NewsAPI */ = {
			isa = PBXGroup;
			children = (
				4CF4CF5F20DC9B23001B00F1 /* NewsAPIError.swift */,
				4CF4CF5520DC955F001B00F1 /* NewsAPI.swift */,
			);
			path = NewsAPI;
			sourceTree = "<group>";
		};
		4CF4CF5C20DC9A81001B00F1 /* Entities */ = {
			isa = PBXGroup;
			children = (
				4CF4CF5D20DC9A8E001B00F1 /* NewsAPISource.swift */,
			);
			path = Entities;
			sourceTree = "<group>";
		};
		4CF4CF6120DCA13D001B00F1 /* Provider */ = {
			isa = PBXGroup;
			children = (
				4CF4CF6920DCA1DA001B00F1 /* TargetType.swift */,
				4CF4CF5A20DC9A39001B00F1 /* Result.swift */,
				4CF4CF5720DC99AF001B00F1 /* NewsAPITarget.swift */,
				4CF4CF6F20DCA365001B00F1 /* NewsProvider.swift */,
			);
			path = Provider;
			sourceTree = "<group>";
		};
		4CF4CF6E20DCA34B001B00F1 /* Parameters */ = {
			isa = PBXGroup;
			children = (
				4CF4CF6320DCA18E001B00F1 /* NewsAPICategory.swift */,
				4CF4CF6520DCA197001B00F1 /* NewsAPILanguage.swift */,
				4CF4CF6720DCA1A0001B00F1 /* NewsAPICountry.swift */,
			);
			path = Parameters;
			sourceTree = "<group>";
		};
/* End PBXGroup section */

/* Begin PBXHeadersBuildPhase section */
		4CC8D49520DC849800717056 /* Headers */ = {
			isa = PBXHeadersBuildPhase;
			buildActionMask = 2147483647;
			files = (
				4CDAE5BA20DC85C600A16C00 /* NewsAPISwift.h in Headers */,
			);
			runOnlyForDeploymentPostprocessing = 0;
		};
/* End PBXHeadersBuildPhase section */

/* Begin PBXNativeTarget section */
		4CC8D49920DC849800717056 /* NewsAPISwift */ = {
			isa = PBXNativeTarget;
			buildConfigurationList = 4CC8D4A220DC849800717056 /* Build configuration list for PBXNativeTarget "NewsAPISwift" */;
			buildPhases = (
				4CC8D49520DC849800717056 /* Headers */,
				4CC8D49620DC849800717056 /* Sources */,
				4CC8D49720DC849800717056 /* Frameworks */,
				4CC8D49820DC849800717056 /* Resources */,
			);
			buildRules = (
			);
			dependencies = (
			);
			name = NewsAPISwift;
			productName = NewsAPISwift;
			productReference = 4CC8D49A20DC849800717056 /* NewsAPISwift.framework */;
			productType = "com.apple.product-type.framework";
		};
		4CDAE5C020DC86AC00A16C00 /* Tests */ = {
			isa = PBXNativeTarget;
			buildConfigurationList = 4CDAE5C920DC86AC00A16C00 /* Build configuration list for PBXNativeTarget "Tests" */;
			buildPhases = (
				A20BEC82B68FA9A09BD0D99C /* [CP] Check Pods Manifest.lock */,
				4CDAE5BD20DC86AC00A16C00 /* Sources */,
				4CDAE5BE20DC86AC00A16C00 /* Frameworks */,
				4CDAE5BF20DC86AC00A16C00 /* Resources */,
			);
			buildRules = (
			);
			dependencies = (
				4CDAE5C820DC86AC00A16C00 /* PBXTargetDependency */,
			);
			name = Tests;
			productName = Tests;
			productReference = 4CDAE5C120DC86AC00A16C00 /* Tests.xctest */;
			productType = "com.apple.product-type.bundle.unit-test";
		};
/* End PBXNativeTarget section */

/* Begin PBXProject section */
		4CC8D49120DC849800717056 /* Project object */ = {
			isa = PBXProject;
			attributes = {
				LastSwiftUpdateCheck = 1000;
				LastUpgradeCheck = 1000;
				ORGANIZATIONNAME = "Lucas Lima";
				TargetAttributes = {
					4CC8D49920DC849800717056 = {
						CreatedOnToolsVersion = 10.0;
						LastSwiftMigration = 1000;
					};
					4CDAE5C020DC86AC00A16C00 = {
						CreatedOnToolsVersion = 10.0;
						LastSwiftMigration = 1000;
					};
				};
			};
			buildConfigurationList = 4CC8D49420DC849800717056 /* Build configuration list for PBXProject "NewsAPISwift" */;
			compatibilityVersion = "Xcode 9.3";
			developmentRegion = en;
			hasScannedForEncodings = 0;
			knownRegions = (
				en,
			);
			mainGroup = 4CC8D49020DC849800717056;
			productRefGroup = 4CC8D49B20DC849800717056 /* Products */;
			projectDirPath = "";
			projectRoot = "";
			targets = (
				4CC8D49920DC849800717056 /* NewsAPISwift */,
				4CDAE5C020DC86AC00A16C00 /* Tests */,
			);
		};
/* End PBXProject section */

/* Begin PBXResourcesBuildPhase section */
		4CC8D49820DC849800717056 /* Resources */ = {
			isa = PBXResourcesBuildPhase;
			buildActionMask = 2147483647;
			files = (
			);
			runOnlyForDeploymentPostprocessing = 0;
		};
		4CDAE5BF20DC86AC00A16C00 /* Resources */ = {
			isa = PBXResourcesBuildPhase;
			buildActionMask = 2147483647;
			files = (
			);
			runOnlyForDeploymentPostprocessing = 0;
		};
/* End PBXResourcesBuildPhase section */

/* Begin PBXShellScriptBuildPhase section */
		A20BEC82B68FA9A09BD0D99C /* [CP] Check Pods Manifest.lock */ = {
			isa = PBXShellScriptBuildPhase;
			buildActionMask = 2147483647;
			files = (
			);
			inputPaths = (
				"${PODS_PODFILE_DIR_PATH}/Podfile.lock",
				"${PODS_ROOT}/Manifest.lock",
			);
			name = "[CP] Check Pods Manifest.lock";
			outputPaths = (
				"$(DERIVED_FILE_DIR)/Pods-Tests-checkManifestLockResult.txt",
			);
			runOnlyForDeploymentPostprocessing = 0;
			shellPath = /bin/sh;
			shellScript = "diff \"${PODS_PODFILE_DIR_PATH}/Podfile.lock\" \"${PODS_ROOT}/Manifest.lock\" > /dev/null\nif [ $? != 0 ] ; then\n    # print error to STDERR\n    echo \"error: The sandbox is not in sync with the Podfile.lock. Run 'pod install' or update your CocoaPods installation.\" >&2\n    exit 1\nfi\n# This output is used by Xcode 'outputs' to avoid re-running this script phase.\necho \"SUCCESS\" > \"${SCRIPT_OUTPUT_FILE_0}\"\n";
			showEnvVarsInLog = 0;
		};
/* End PBXShellScriptBuildPhase section */

/* Begin PBXSourcesBuildPhase section */
		4CC8D49620DC849800717056 /* Sources */ = {
			isa = PBXSourcesBuildPhase;
			buildActionMask = 2147483647;
			files = (
				4CF4CF5B20DC9A39001B00F1 /* Result.swift in Sources */,
				4CF4CF5820DC99AF001B00F1 /* NewsAPITarget.swift in Sources */,
				4CF4CF6820DCA1A0001B00F1 /* NewsAPICountry.swift in Sources */,
				4CF4CF6A20DCA1DA001B00F1 /* TargetType.swift in Sources */,
				4CF4CF5E20DC9A8E001B00F1 /* NewsAPISource.swift in Sources */,
				4CF4CF7020DCA365001B00F1 /* NewsProvider.swift in Sources */,
				4CF4CF6420DCA18E001B00F1 /* NewsAPICategory.swift in Sources */,
				4CF4CF6020DC9B23001B00F1 /* NewsAPIError.swift in Sources */,
				4CF4CF5620DC955F001B00F1 /* NewsAPI.swift in Sources */,
				4CF4CF6620DCA197001B00F1 /* NewsAPILanguage.swift in Sources */,
			);
			runOnlyForDeploymentPostprocessing = 0;
		};
		4CDAE5BD20DC86AC00A16C00 /* Sources */ = {
			isa = PBXSourcesBuildPhase;
			buildActionMask = 2147483647;
			files = (
				4CF4CF6D20DCA2A0001B00F1 /* NewsAPITargetSpec.swift in Sources */,
				4CDAE5C420DC86AC00A16C00 /* NewsAPISpec.swift in Sources */,
			);
			runOnlyForDeploymentPostprocessing = 0;
		};
/* End PBXSourcesBuildPhase section */

/* Begin PBXTargetDependency section */
		4CDAE5C820DC86AC00A16C00 /* PBXTargetDependency */ = {
			isa = PBXTargetDependency;
			target = 4CC8D49920DC849800717056 /* NewsAPISwift */;
			targetProxy = 4CDAE5C720DC86AC00A16C00 /* PBXContainerItemProxy */;
		};
/* End PBXTargetDependency section */

/* Begin XCBuildConfiguration section */
		4CC8D4A020DC849800717056 /* Debug */ = {
			isa = XCBuildConfiguration;
			buildSettings = {
				ALWAYS_SEARCH_USER_PATHS = NO;
				CLANG_ANALYZER_NONNULL = YES;
				CLANG_ANALYZER_NUMBER_OBJECT_CONVERSION = YES_AGGRESSIVE;
				CLANG_CXX_LANGUAGE_STANDARD = "gnu++14";
				CLANG_CXX_LIBRARY = "libc++";
				CLANG_ENABLE_MODULES = YES;
				CLANG_ENABLE_OBJC_ARC = YES;
				CLANG_ENABLE_OBJC_WEAK = YES;
				CLANG_WARN_BLOCK_CAPTURE_AUTORELEASING = YES;
				CLANG_WARN_BOOL_CONVERSION = YES;
				CLANG_WARN_COMMA = YES;
				CLANG_WARN_CONSTANT_CONVERSION = YES;
				CLANG_WARN_DEPRECATED_OBJC_IMPLEMENTATIONS = YES;
				CLANG_WARN_DIRECT_OBJC_ISA_USAGE = YES_ERROR;
				CLANG_WARN_DOCUMENTATION_COMMENTS = YES;
				CLANG_WARN_EMPTY_BODY = YES;
				CLANG_WARN_ENUM_CONVERSION = YES;
				CLANG_WARN_INFINITE_RECURSION = YES;
				CLANG_WARN_INT_CONVERSION = YES;
				CLANG_WARN_NON_LITERAL_NULL_CONVERSION = YES;
				CLANG_WARN_OBJC_IMPLICIT_RETAIN_SELF = YES;
				CLANG_WARN_OBJC_LITERAL_CONVERSION = YES;
				CLANG_WARN_OBJC_ROOT_CLASS = YES_ERROR;
				CLANG_WARN_RANGE_LOOP_ANALYSIS = YES;
				CLANG_WARN_STRICT_PROTOTYPES = YES;
				CLANG_WARN_SUSPICIOUS_MOVE = YES;
				CLANG_WARN_UNGUARDED_AVAILABILITY = YES_AGGRESSIVE;
				CLANG_WARN_UNREACHABLE_CODE = YES;
				CLANG_WARN__DUPLICATE_METHOD_MATCH = YES;
				CODE_SIGN_IDENTITY = "iPhone Developer";
				COPY_PHASE_STRIP = NO;
				CURRENT_PROJECT_VERSION = 1;
				DEBUG_INFORMATION_FORMAT = dwarf;
				ENABLE_STRICT_OBJC_MSGSEND = YES;
				ENABLE_TESTABILITY = YES;
				GCC_C_LANGUAGE_STANDARD = gnu11;
				GCC_DYNAMIC_NO_PIC = NO;
				GCC_NO_COMMON_BLOCKS = YES;
				GCC_OPTIMIZATION_LEVEL = 0;
				GCC_PREPROCESSOR_DEFINITIONS = (
					"DEBUG=1",
					"$(inherited)",
				);
				GCC_WARN_64_TO_32_BIT_CONVERSION = YES;
				GCC_WARN_ABOUT_RETURN_TYPE = YES_ERROR;
				GCC_WARN_UNDECLARED_SELECTOR = YES;
				GCC_WARN_UNINITIALIZED_AUTOS = YES_AGGRESSIVE;
				GCC_WARN_UNUSED_FUNCTION = YES;
				GCC_WARN_UNUSED_VARIABLE = YES;
				IPHONEOS_DEPLOYMENT_TARGET = 12.0;
				MTL_ENABLE_DEBUG_INFO = INCLUDE_SOURCE;
				ONLY_ACTIVE_ARCH = YES;
				SDKROOT = iphoneos;
				SWIFT_ACTIVE_COMPILATION_CONDITIONS = DEBUG;
				SWIFT_OPTIMIZATION_LEVEL = "-Onone";
				VERSIONING_SYSTEM = "apple-generic";
				VERSION_INFO_PREFIX = "";
			};
			name = Debug;
		};
		4CC8D4A120DC849800717056 /* Release */ = {
			isa = XCBuildConfiguration;
			buildSettings = {
				ALWAYS_SEARCH_USER_PATHS = NO;
				CLANG_ANALYZER_NONNULL = YES;
				CLANG_ANALYZER_NUMBER_OBJECT_CONVERSION = YES_AGGRESSIVE;
				CLANG_CXX_LANGUAGE_STANDARD = "gnu++14";
				CLANG_CXX_LIBRARY = "libc++";
				CLANG_ENABLE_MODULES = YES;
				CLANG_ENABLE_OBJC_ARC = YES;
				CLANG_ENABLE_OBJC_WEAK = YES;
				CLANG_WARN_BLOCK_CAPTURE_AUTORELEASING = YES;
				CLANG_WARN_BOOL_CONVERSION = YES;
				CLANG_WARN_COMMA = YES;
				CLANG_WARN_CONSTANT_CONVERSION = YES;
				CLANG_WARN_DEPRECATED_OBJC_IMPLEMENTATIONS = YES;
				CLANG_WARN_DIRECT_OBJC_ISA_USAGE = YES_ERROR;
				CLANG_WARN_DOCUMENTATION_COMMENTS = YES;
				CLANG_WARN_EMPTY_BODY = YES;
				CLANG_WARN_ENUM_CONVERSION = YES;
				CLANG_WARN_INFINITE_RECURSION = YES;
				CLANG_WARN_INT_CONVERSION = YES;
				CLANG_WARN_NON_LITERAL_NULL_CONVERSION = YES;
				CLANG_WARN_OBJC_IMPLICIT_RETAIN_SELF = YES;
				CLANG_WARN_OBJC_LITERAL_CONVERSION = YES;
				CLANG_WARN_OBJC_ROOT_CLASS = YES_ERROR;
				CLANG_WARN_RANGE_LOOP_ANALYSIS = YES;
				CLANG_WARN_STRICT_PROTOTYPES = YES;
				CLANG_WARN_SUSPICIOUS_MOVE = YES;
				CLANG_WARN_UNGUARDED_AVAILABILITY = YES_AGGRESSIVE;
				CLANG_WARN_UNREACHABLE_CODE = YES;
				CLANG_WARN__DUPLICATE_METHOD_MATCH = YES;
				CODE_SIGN_IDENTITY = "iPhone Developer";
				COPY_PHASE_STRIP = NO;
				CURRENT_PROJECT_VERSION = 1;
				DEBUG_INFORMATION_FORMAT = "dwarf-with-dsym";
				ENABLE_NS_ASSERTIONS = NO;
				ENABLE_STRICT_OBJC_MSGSEND = YES;
				GCC_C_LANGUAGE_STANDARD = gnu11;
				GCC_NO_COMMON_BLOCKS = YES;
				GCC_WARN_64_TO_32_BIT_CONVERSION = YES;
				GCC_WARN_ABOUT_RETURN_TYPE = YES_ERROR;
				GCC_WARN_UNDECLARED_SELECTOR = YES;
				GCC_WARN_UNINITIALIZED_AUTOS = YES_AGGRESSIVE;
				GCC_WARN_UNUSED_FUNCTION = YES;
				GCC_WARN_UNUSED_VARIABLE = YES;
				IPHONEOS_DEPLOYMENT_TARGET = 12.0;
				MTL_ENABLE_DEBUG_INFO = NO;
				SDKROOT = iphoneos;
				SWIFT_COMPILATION_MODE = wholemodule;
				SWIFT_OPTIMIZATION_LEVEL = "-O";
				VALIDATE_PRODUCT = YES;
				VERSIONING_SYSTEM = "apple-generic";
				VERSION_INFO_PREFIX = "";
			};
			name = Release;
		};
		4CC8D4A320DC849800717056 /* Debug */ = {
			isa = XCBuildConfiguration;
			buildSettings = {
				CLANG_ENABLE_MODULES = YES;
				CODE_SIGN_IDENTITY = "";
				CODE_SIGN_STYLE = Automatic;
				DEFINES_MODULE = YES;
				DYLIB_COMPATIBILITY_VERSION = 1;
				DYLIB_CURRENT_VERSION = 1;
				DYLIB_INSTALL_NAME_BASE = "@rpath";
				INFOPLIST_FILE = "$(SRCROOT)/Source/Supporting Files/Info.plist";
				INSTALL_PATH = "$(LOCAL_LIBRARY_DIR)/Frameworks";
				LD_RUNPATH_SEARCH_PATHS = (
					"$(inherited)",
					"@executable_path/Frameworks",
					"@loader_path/Frameworks",
				);
				PRODUCT_BUNDLE_IDENTIFIER = com.lucaslimadev.NewsAPISwift;
				PRODUCT_NAME = "$(TARGET_NAME:c99extidentifier)";
				SKIP_INSTALL = YES;
				SWIFT_OPTIMIZATION_LEVEL = "-Onone";
				SWIFT_VERSION = 4.2;
				TARGETED_DEVICE_FAMILY = "1,2";
			};
			name = Debug;
		};
		4CC8D4A420DC849800717056 /* Release */ = {
			isa = XCBuildConfiguration;
			buildSettings = {
				CLANG_ENABLE_MODULES = YES;
				CODE_SIGN_IDENTITY = "";
				CODE_SIGN_STYLE = Automatic;
				DEFINES_MODULE = YES;
				DYLIB_COMPATIBILITY_VERSION = 1;
				DYLIB_CURRENT_VERSION = 1;
				DYLIB_INSTALL_NAME_BASE = "@rpath";
				INFOPLIST_FILE = "$(SRCROOT)/Source/Supporting Files/Info.plist";
				INSTALL_PATH = "$(LOCAL_LIBRARY_DIR)/Frameworks";
				LD_RUNPATH_SEARCH_PATHS = (
					"$(inherited)",
					"@executable_path/Frameworks",
					"@loader_path/Frameworks",
				);
				PRODUCT_BUNDLE_IDENTIFIER = com.lucaslimadev.NewsAPISwift;
				PRODUCT_NAME = "$(TARGET_NAME:c99extidentifier)";
				SKIP_INSTALL = YES;
				SWIFT_VERSION = 4.2;
				TARGETED_DEVICE_FAMILY = "1,2";
			};
			name = Release;
		};
		4CDAE5CA20DC86AC00A16C00 /* Debug */ = {
			isa = XCBuildConfiguration;
			baseConfigurationReference = BB77D0BE3827E2D6C132E3E7 /* Pods-Tests.debug.xcconfig */;
			buildSettings = {
				ALWAYS_EMBED_SWIFT_STANDARD_LIBRARIES = YES;
				CODE_SIGN_STYLE = Automatic;
				FRAMEWORK_SEARCH_PATHS = "$(inherited)";
				INFOPLIST_FILE = Tests/Info.plist;
				LD_RUNPATH_SEARCH_PATHS = (
					"$(inherited)",
					"@executable_path/Frameworks",
					"@loader_path/Frameworks",
				);
				PRODUCT_BUNDLE_IDENTIFIER = com.lucaslimadev.Tests;
				PRODUCT_NAME = "$(TARGET_NAME)";
				SWIFT_VERSION = 4.0;
				TARGETED_DEVICE_FAMILY = "1,2";
			};
			name = Debug;
		};
		4CDAE5CB20DC86AC00A16C00 /* Release */ = {
			isa = XCBuildConfiguration;
			baseConfigurationReference = 678DA512B71E06768B1CB17F /* Pods-Tests.release.xcconfig */;
			buildSettings = {
				ALWAYS_EMBED_SWIFT_STANDARD_LIBRARIES = YES;
				CODE_SIGN_STYLE = Automatic;
				FRAMEWORK_SEARCH_PATHS = "$(inherited)";
				INFOPLIST_FILE = Tests/Info.plist;
				LD_RUNPATH_SEARCH_PATHS = (
					"$(inherited)",
					"@executable_path/Frameworks",
					"@loader_path/Frameworks",
				);
				PRODUCT_BUNDLE_IDENTIFIER = com.lucaslimadev.Tests;
				PRODUCT_NAME = "$(TARGET_NAME)";
				SWIFT_VERSION = 4.0;
				TARGETED_DEVICE_FAMILY = "1,2";
			};
			name = Release;
		};
/* End XCBuildConfiguration section */

/* Begin XCConfigurationList section */
		4CC8D49420DC849800717056 /* Build configuration list for PBXProject "NewsAPISwift" */ = {
			isa = XCConfigurationList;
			buildConfigurations = (
				4CC8D4A020DC849800717056 /* Debug */,
				4CC8D4A120DC849800717056 /* Release */,
			);
			defaultConfigurationIsVisible = 0;
			defaultConfigurationName = Release;
		};
		4CC8D4A220DC849800717056 /* Build configuration list for PBXNativeTarget "NewsAPISwift" */ = {
			isa = XCConfigurationList;
			buildConfigurations = (
				4CC8D4A320DC849800717056 /* Debug */,
				4CC8D4A420DC849800717056 /* Release */,
			);
			defaultConfigurationIsVisible = 0;
			defaultConfigurationName = Release;
		};
		4CDAE5C920DC86AC00A16C00 /* Build configuration list for PBXNativeTarget "Tests" */ = {
			isa = XCConfigurationList;
			buildConfigurations = (
				4CDAE5CA20DC86AC00A16C00 /* Debug */,
				4CDAE5CB20DC86AC00A16C00 /* Release */,
			);
			defaultConfigurationIsVisible = 0;
			defaultConfigurationName = Release;
		};
/* End XCConfigurationList section */
	};
	rootObject = 4CC8D49120DC849800717056 /* Project object */;
}
